# THIS IS AN AUTOGENERATED FILE. DO NOT EDIT THIS FILE DIRECTLY.
# yarn lockfile v1


font-awesome@^4.7.0:
  version "4.7.0"
  resolved "https://registry.yarnpkg.com/font-awesome/-/font-awesome-4.7.0.tgz#8fa8cf0411a1a31afd07b06d2902bb9fc815a133"

lz-string@^1.4.4:
  version "1.4.4"
  resolved "https://registry.yarnpkg.com/lz-string/-/lz-string-1.4.4.tgz#c0d8eaf36059f705796e1e344811cf4c498d3a26"

moment@^2.19.1:
  version "2.19.1"
  resolved "https://registry.yarnpkg.com/moment/-/moment-2.19.1.tgz#56da1a2d1cbf01d38b7e1afc31c10bcfa1929167"

ngx-bootstrap@^2.0.0-beta.7:
  version "2.0.0-beta.7"
  resolved "https://registry.yarnpkg.com/ngx-bootstrap/-/ngx-bootstrap-2.0.0-beta.7.tgz#2941774b12dc7776ddac24a856a77ffd835ed00d"

sugar-core@^2.0.0:
  version "2.0.4"
  resolved "https://registry.yarnpkg.com/sugar-core/-/sugar-core-2.0.4.tgz#9db0730e6c47eb7d28184a79c4ab18b2b7946ca0"

sugar-language@^2.0.4:
  version "2.0.4"
  resolved "https://registry.yarnpkg.com/sugar-language/-/sugar-language-2.0.4.tgz#37172892ea241f6f2047bb34524e560c6fc6ee32"
  dependencies:
    sugar-core "^2.0.0"

sugar@^2.0.4:
  version "2.0.4"
  resolved "https://registry.yarnpkg.com/sugar/-/sugar-2.0.4.tgz#79a6fa4dabc587fb855a52ee7176dd042bf757b0"
  dependencies:
    sugar-core "^2.0.0"
